
Microsoft Visual Studio Solution File, Format Version 12.00
# Visual Studio 15
VisualStudioVersion = 15.0.26730.16
MinimumVisualStudioVersion = 10.0.40219.1
Project("{FAE04EC0-301F-11D3-BF4B-00C04F79EFBC}") = "DoodleJump", "DoodleJump\DoodleJump.csproj", "{C31A8003-005B-41BC-B614-78A858E761AB}"
EndProject
Project("{FAE04EC0-301F-11D3-BF4B-00C04F79EFBC}") = "GameTest", "GameTest\GameTest.csproj", "{7B176E56-BCCE-4D46-A808-E2724C9E92B5}"
EndProject
Global
	GlobalSection(SolutionConfigurationPlatforms) = preSolution
		Debug|Any CPU = Debug|Any CPU
		Release|Any CPU = Release|Any CPU
	EndGlobalSection
	GlobalSection(ProjectConfigurationPlatforms) = postSolution
		{C31A8003-005B-41BC-B614-78A858E761AB}.Debug|Any CPU.ActiveCfg = Debug|Any CPU
		{C31A8003-005B-41BC-B614-78A858E761AB}.Debug|Any CPU.Build.0 = Debug|Any CPU
		{C31A8003-005B-41BC-B614-78A858E761AB}.Release|Any CPU.ActiveCfg = Release|Any CPU
		{C31A8003-005B-41BC-B614-78A858E761AB}.Release|Any CPU.Build.0 = Release|Any CPU
		{7B176E56-BCCE-4D46-A808-E2724C9E92B5}.Debug|Any CPU.ActiveCfg = Debug|Any CPU
		{7B176E56-BCCE-4D46-A808-E2724C9E92B5}.Debug|Any CPU.Build.0 = Debug|Any CPU
		{7B176E56-BCCE-4D46-A808-E2724C9E92B5}.Release|Any CPU.ActiveCfg = Release|Any CPU
		{7B176E56-BCCE-4D46-A808-E2724C9E92B5}.Release|Any CPU.Build.0 = Release|Any CPU
	EndGlobalSection
	GlobalSection(SolutionProperties) = preSolution
		HideSolutionNode = FALSE
	EndGlobalSection
	GlobalSection(ExtensibilityGlobals) = postSolution
		SolutionGuid = {B1068A49-C4C4-4EA1-91F4-53B34B3A23C3}
	EndGlobalSection
EndGlobal
